
Microsoft Visual Studio Solution File, Format Version 12.00
# Visual Studio Version 16
VisualStudioVersion = 16.0.29609.76
MinimumVisualStudioVersion = 10.0.40219.1
Project("{9A19103F-16F7-4668-BE54-9A1E7A4F7556}") = "NavalBattle", "NavalBattle\NavalBattle.csproj", "{8B91D16B-8CF8-44D2-9C5A-B868D967AF0D}"
EndProject
Project("{9A19103F-16F7-4668-BE54-9A1E7A4F7556}") = "ORM", "..\ORM\ORM\ORM.csproj", "{B7FAEE26-81BB-4204-8AED-4D2F075856FB}"
EndProject
Global
	GlobalSection(SolutionConfigurationPlatforms) = preSolution
		Debug|Any CPU = Debug|Any CPU
		Release|Any CPU = Release|Any CPU
	EndGlobalSection
	GlobalSection(ProjectConfigurationPlatforms) = postSolution
		{8B91D16B-8CF8-44D2-9C5A-B868D967AF0D}.Debug|Any CPU.ActiveCfg = Debug|Any CPU
		{8B91D16B-8CF8-44D2-9C5A-B868D967AF0D}.Debug|Any CPU.Build.0 = Debug|Any CPU
		{8B91D16B-8CF8-44D2-9C5A-B868D967AF0D}.Release|Any CPU.ActiveCfg = Release|Any CPU
		{8B91D16B-8CF8-44D2-9C5A-B868D967AF0D}.Release|Any CPU.Build.0 = Release|Any CPU
		{B7FAEE26-81BB-4204-8AED-4D2F075856FB}.Debug|Any CPU.ActiveCfg = Debug|Any CPU
		{B7FAEE26-81BB-4204-8AED-4D2F075856FB}.Debug|Any CPU.Build.0 = Debug|Any CPU
		{B7FAEE26-81BB-4204-8AED-4D2F075856FB}.Release|Any CPU.ActiveCfg = Release|Any CPU
		{B7FAEE26-81BB-4204-8AED-4D2F075856FB}.Release|Any CPU.Build.0 = Release|Any CPU
	EndGlobalSection
	GlobalSection(SolutionProperties) = preSolution
		HideSolutionNode = FALSE
	EndGlobalSection
	GlobalSection(ExtensibilityGlobals) = postSolution
		SolutionGuid = {CAB289AF-8990-4BFD-9AFF-8A919C18F14C}
	EndGlobalSection
EndGlobal
